PODS:
  - AFNetworking (2.6.3):
    - AFNetworking/NSURLConnection (= 2.6.3)
    - AFNetworking/NSURLSession (= 2.6.3)
    - AFNetworking/Reachability (= 2.6.3)
    - AFNetworking/Security (= 2.6.3)
    - AFNetworking/Serialization (= 2.6.3)
    - AFNetworking/UIKit (= 2.6.3)
  - AFNetworking/NSURLConnection (2.6.3):
    - AFNetworking/Reachability
    - AFNetworking/Security
    - AFNetworking/Serialization
  - AFNetworking/NSURLSession (2.6.3):
    - AFNetworking/Reachability
    - AFNetworking/Security
    - AFNetworking/Serialization
  - AFNetworking/Reachability (2.6.3)
  - AFNetworking/Security (2.6.3)
  - AFNetworking/Serialization (2.6.3)
  - AFNetworking/UIKit (2.6.3):
    - AFNetworking/NSURLConnection
    - AFNetworking/NSURLSession
  - HMSegmentedControl (1.5.2)
  - MBProgressHUD (0.9.1)
  - MJRefresh (3.0.7)

DEPENDENCIES:
  - AFNetworking (~> 2.6.3)
  - HMSegmentedControl (~> 1.5.2)
  - MBProgressHUD (~> 0.9.1)
  - MJRefresh (~> 3.0.7)

SPEC CHECKSUMS:
  AFNetworking: cb8d14a848e831097108418f5d49217339d4eb60
  HMSegmentedControl: 83b9686022d2176fb6457d2bdb61e5d6393fed7d
  MBProgressHUD: c47f2c166c126cf2ce36498d80f33e754d4e93ad
  MJRefresh: f3e1228ec3d38c7ba5208d58032631a52f39f495

COCOAPODS: 0.37.2
